<Solution>
  <Folder Name="/docs/" />
  <Folder Name="/eng/" />
  <Folder Name="/src/">
    <Project Path="src\Orleans\Escendit.Extensions.Hosting.Orleans.csproj" />
    <Project Path="src\ServiceDefaults\Escendit.Extensions.Hosting.ServiceDefaults.csproj" />
    <Project Path="src\Temporalio\Escendit.Extensions.Hosting.Temporalio.csproj" />
    <Project Path="src\UserSecrets\Escendit.Extensions.Hosting.UserSecrets.csproj" />
  </Folder>
  <Folder Name="/test/" />
</Solution>
